// !$*UTF8*$!
{
	archiveVersion = 1;
	classes = {
	};
	objectVersion = 46;
	objects = {

/* Begin PBXBuildFile section */
		8FE6897A1E2DF9E60015C287 /* AppDelegate.swift in Sources */ = {isa = PBXBuildFile; fileRef = 8FE689791E2DF9E60015C287 /* AppDelegate.swift */; };
		8FE6897C1E2DF9E60015C287 /* ViewController.swift in Sources */ = {isa = PBXBuildFile; fileRef = 8FE6897B1E2DF9E60015C287 /* ViewController.swift */; };
		8FE6897F1E2DF9E60015C287 /* Main.storyboard in Resources */ = {isa = PBXBuildFile; fileRef = 8FE6897D1E2DF9E60015C287 /* Main.storyboard */; };
		8FE689811E2DF9E60015C287 /* Assets.xcassets in Resources */ = {isa = PBXBuildFile; fileRef = 8FE689801E2DF9E60015C287 /* Assets.xcassets */; };
		8FE689841E2DF9E60015C287 /* LaunchScreen.storyboard in Resources */ = {isa = PBXBuildFile; fileRef = 8FE689821E2DF9E60015C287 /* LaunchScreen.storyboard */; };
/* End PBXBuildFile section */

/* Begin PBXFileReference section */
		8FE689761E2DF9E60015C287 /* TRU-Pain.app */ = {isa = PBXFileReference; explicitFileType = wrapper.application; includeInIndex = 0; path = "TRU-Pain.app"; sourceTree = BUILT_PRODUCTS_DIR; };
		8FE689791E2DF9E60015C287 /* AppDelegate.swift */ = {isa = PBXFileReference; lastKnownFileType = sourcecode.swift; path = AppDelegate.swift; sourceTree = "<group>"; };
		8FE6897B1E2DF9E60015C287 /* ViewController.swift */ = {isa = PBXFileReference; lastKnownFileType = sourcecode.swift; path = ViewController.swift; sourceTree = "<group>"; };
		8FE6897E1E2DF9E60015C287 /* Base */ = {isa = PBXFileReference; lastKnownFileType = file.storyboard; name = Base; path = Base.lproj/Main.storyboard; sourceTree = "<group>"; };
		8FE689801E2DF9E60015C287 /* Assets.xcassets */ = {isa = PBXFileReference; lastKnownFileType = folder.assetcatalog; path = Assets.xcassets; sourceTree = "<group>"; };
		8FE689831E2DF9E60015C287 /* Base */ = {isa = PBXFileReference; lastKnownFileType = file.storyboard; name = Base; path = Base.lproj/LaunchScreen.storyboard; sourceTree = "<group>"; };
		8FE689851E2DF9E60015C287 /* Info.plist */ = {isa = PBXFileReference; lastKnownFileType = text.plist.xml; path = Info.plist; sourceTree = "<group>"; };
/* End PBXFileReference section */

/* Begin PBXFrameworksBuildPhase section */
		8FE689731E2DF9E60015C287 /* Frameworks */ = {
			isa = PBXFrameworksBuildPhase;
			buildActionMask = 2147483647;
			files = (
			);
			runOnlyForDeploymentPostprocessing = 0;
		};
/* End PBXFrameworksBuildPhase section */

/* Begin PBXGroup section */
		8FE6896D1E2DF9E60015C287 = {
			isa = PBXGroup;
			children = (
				8FE689781E2DF9E60015C287 /* TRU-Pain */,
				8FE689771E2DF9E60015C287 /* Products */,
			);
			sourceTree = "<group>";
		};
		8FE689771E2DF9E60015C287 /* Products */ = {
			isa = PBXGroup;
			children = (
				8FE689761E2DF9E60015C287 /* TRU-Pain.app */,
			);
			name = Products;
			sourceTree = "<group>";
		};
		8FE689781E2DF9E60015C287 /* TRU-Pain */ = {
			isa = PBXGroup;
			children = (
				8FE689791E2DF9E60015C287 /* AppDelegate.swift */,
				8FE6897B1E2DF9E60015C287 /* ViewController.swift */,
				8FE6897D1E2DF9E60015C287 /* Main.storyboard */,
				8FE689801E2DF9E60015C287 /* Assets.xcassets */,
				8FE689821E2DF9E60015C287 /* LaunchScreen.storyboard */,
				8FE689851E2DF9E60015C287 /* Info.plist */,
			);
			path = "TRU-Pain";
			sourceTree = "<group>";
		};
/* End PBXGroup section */

/* Begin PBXNativeTarget section */
		8FE689751E2DF9E60015C287 /* TRU-Pain */ = {
			isa = PBXNativeTarget;
			buildConfigurationList = 8FE689881E2DF9E60015C287 /* Build configuration list for PBXNativeTarget "TRU-Pain" */;
			buildPhases = (
				8FE689721E2DF9E60015C287 /* Sources */,
				8FE689731E2DF9E60015C287 /* Frameworks */,
				8FE689741E2DF9E60015C287 /* Resources */,
			);
			buildRules = (
			);
			dependencies = (
			);
			name = "TRU-Pain";
			productName = "TRU-Pain";
			productReference = 8FE689761E2DF9E60015C287 /* TRU-Pain.app */;
			productType = "com.apple.product-type.application";
		};
/* End PBXNativeTarget section */

/* Begin PBXProject section */
		8FE6896E1E2DF9E60015C287 /* Project object */ = {
			isa = PBXProject;
			attributes = {
				LastSwiftUpdateCheck = 0810;
				LastUpgradeCheck = 0810;
				ORGANIZATIONNAME = scdi;
				TargetAttributes = {
					8FE689751E2DF9E60015C287 = {
						CreatedOnToolsVersion = 8.1;
						DevelopmentTeam = KY6MT7F4EV;
						ProvisioningStyle = Automatic;
					};
				};
			};
			buildConfigurationList = 8FE689711E2DF9E60015C287 /* Build configuration list for PBXProject "TRU-Pain" */;
			compatibilityVersion = "Xcode 3.2";
			developmentRegion = English;
			hasScannedForEncodings = 0;
			knownRegions = (
				en,
				Base,
			);
			mainGroup = 8FE6896D1E2DF9E60015C287;
			productRefGroup = 8FE689771E2DF9E60015C287 /* Products */;
			projectDirPath = "";
			projectRoot = "";
			targets = (
				8FE689751E2DF9E60015C287 /* TRU-Pain */,
			);
		};
/* End PBXProject section */

/* Begin PBXResourcesBuildPhase section */
		8FE689741E2DF9E60015C287 /* Resources */ = {
			isa = PBXResourcesBuildPhase;
			buildActionMask = 2147483647;
			files = (
				8FE689841E2DF9E60015C287 /* LaunchScreen.storyboard in Resources */,
				8FE689811E2DF9E60015C287 /* Assets.xcassets in Resources */,
				8FE6897F1E2DF9E60015C287 /* Main.storyboard in Resources */,
			);
			runOnlyForDeploymentPostprocessing = 0;
		};
/* End PBXResourcesBuildPhase section */

/* Begin PBXSourcesBuildPhase section */
		8FE689721E2DF9E60015C287 /* Sources */ = {
			isa = PBXSourcesBuildPhase;
			buildActionMask = 2147483647;
			files = (
				8FE6897C1E2DF9E60015C287 /* ViewController.swift in Sources */,
				8FE6897A1E2DF9E60015C287 /* AppDelegate.swift in Sources */,
			);
			runOnlyForDeploymentPostprocessing = 0;
		};
/* End PBXSourcesBuildPhase section */

/* Begin PBXVariantGroup section */
		8FE6897D1E2DF9E60015C287 /* Main.storyboard */ = {
			isa = PBXVariantGroup;
			children = (
				8FE6897E1E2DF9E60015C287 /* Base */,
			);
			name = Main.storyboard;
			sourceTree = "<group>";
		};
		8FE689821E2DF9E60015C287 /* LaunchScreen.storyboard */ = {
			isa = PBXVariantGroup;
			children = (
				8FE689831E2DF9E60015C287 /* Base */,
			);
			name = LaunchScreen.storyboard;
			sourceTree = "<group>";
		};
/* End PBXVariantGroup section */

/* Begin XCBuildConfiguration section */
		8FE689861E2DF9E60015C287 /* Debug */ = {
			isa = XCBuildConfiguration;
			buildSettings = {
				ALWAYS_SEARCH_USER_PATHS = NO;
				CLANG_ANALYZER_NONNULL = YES;
				CLANG_CXX_LANGUAGE_STANDARD = "gnu++0x";
				CLANG_CXX_LIBRARY = "libc++";
				CLANG_ENABLE_MODULES = YES;
				CLANG_ENABLE_OBJC_ARC = YES;
				CLANG_WARN_BOOL_CONVERSION = YES;
				CLANG_WARN_CONSTANT_CONVERSION = YES;
				CLANG_WARN_DIRECT_OBJC_ISA_USAGE = YES_ERROR;
				CLANG_WARN_DOCUMENTATION_COMMENTS = YES;
				CLANG_WARN_EMPTY_BODY = YES;
				CLANG_WARN_ENUM_CONVERSION = YES;
				CLANG_WARN_INFINITE_RECURSION = YES;
				CLANG_WARN_INT_CONVERSION = YES;
				CLANG_WARN_OBJC_ROOT_CLASS = YES_ERROR;
				CLANG_WARN_SUSPICIOUS_MOVES = YES;
				CLANG_WARN_UNREACHABLE_CODE = YES;
				CLANG_WARN__DUPLICATE_METHOD_MATCH = YES;
				"CODE_SIGN_IDENTITY[sdk=iphoneos*]" = "iPhone Developer";
				COPY_PHASE_STRIP = NO;
				DEBUG_INFORMATION_FORMAT = dwarf;
				ENABLE_STRICT_OBJC_MSGSEND = YES;
				ENABLE_TESTABILITY = YES;
				GCC_C_LANGUAGE_STANDARD = gnu99;
				GCC_DYNAMIC_NO_PIC = NO;
				GCC_NO_COMMON_BLOCKS = YES;
				GCC_OPTIMIZATION_LEVEL = 0;
				GCC_PREPROCESSOR_DEFINITIONS = (
					"DEBUG=1",
					"$(inherited)",
				);
				GCC_WARN_64_TO_32_BIT_CONVERSION = YES;
				GCC_WARN_ABOUT_RETURN_TYPE = YES_ERROR;
				GCC_WARN_UNDECLARED_SELECTOR = YES;
				GCC_WARN_UNINITIALIZED_AUTOS = YES_AGGRESSIVE;
				GCC_WARN_UNUSED_FUNCTION = YES;
				GCC_WARN_UNUSED_VARIABLE = YES;
				IPHONEOS_DEPLOYMENT_TARGET = 10.1;
				MTL_ENABLE_DEBUG_INFO = YES;
				ONLY_ACTIVE_ARCH = YES;
				SDKROOT = iphoneos;
				SWIFT_ACTIVE_COMPILATION_CONDITIONS = DEBUG;
				SWIFT_OPTIMIZATION_LEVEL = "-Onone";
			};
			name = Debug;
		};
		8FE689871E2DF9E60015C287 /* Release */ = {
			isa = XCBuildConfiguration;
			buildSettings = {
				ALWAYS_SEARCH_USER_PATHS = NO;
				CLANG_ANALYZER_NONNULL = YES;
				CLANG_CXX_LANGUAGE_STANDARD = "gnu++0x";
				CLANG_CXX_LIBRARY = "libc++";
				CLANG_ENABLE_MODULES = YES;
				CLANG_ENABLE_OBJC_ARC = YES;
				CLANG_WARN_BOOL_CONVERSION = YES;
				CLANG_WARN_CONSTANT_CONVERSION = YES;
				CLANG_WARN_DIRECT_OBJC_ISA_USAGE = YES_ERROR;
				CLANG_WARN_DOCUMENTATION_COMMENTS = YES;
				CLANG_WARN_EMPTY_BODY = YES;
				CLANG_WARN_ENUM_CONVERSION = YES;
				CLANG_WARN_INFINITE_RECURSION = YES;
				CLANG_WARN_INT_CONVERSION = YES;
				CLANG_WARN_OBJC_ROOT_CLASS = YES_ERROR;
				CLANG_WARN_SUSPICIOUS_MOVES = YES;
				CLANG_WARN_UNREACHABLE_CODE = YES;
				CLANG_WARN__DUPLICATE_METHOD_MATCH = YES;
				"CODE_SIGN_IDENTITY[sdk=iphoneos*]" = "iPhone Developer";
				COPY_PHASE_STRIP = NO;
				DEBUG_INFORMATION_FORMAT = "dwarf-with-dsym";
				ENABLE_NS_ASSERTIONS = NO;
				ENABLE_STRICT_OBJC_MSGSEND = YES;
				GCC_C_LANGUAGE_STANDARD = gnu99;
				GCC_NO_COMMON_BLOCKS = YES;
				GCC_WARN_64_TO_32_BIT_CONVERSION = YES;
				GCC_WARN_ABOUT_RETURN_TYPE = YES_ERROR;
				GCC_WARN_UNDECLARED_SELECTOR = YES;
				GCC_WARN_UNINITIALIZED_AUTOS = YES_AGGRESSIVE;
				GCC_WARN_UNUSED_FUNCTION = YES;
				GCC_WARN_UNUSED_VARIABLE = YES;
				IPHONEOS_DEPLOYMENT_TARGET = 10.1;
				MTL_ENABLE_DEBUG_INFO = NO;
				SDKROOT = iphoneos;
				SWIFT_OPTIMIZATION_LEVEL = "-Owholemodule";
				VALIDATE_PRODUCT = YES;
			};
			name = Release;
		};
		8FE689891E2DF9E60015C287 /* Debug */ = {
			isa = XCBuildConfiguration;
			buildSettings = {
				ASSETCATALOG_COMPILER_APPICON_NAME = AppIcon;
				DEVELOPMENT_TEAM = KY6MT7F4EV;
				INFOPLIST_FILE = "TRU-Pain/Info.plist";
				LD_RUNPATH_SEARCH_PATHS = "$(inherited) @executable_path/Frameworks";
				PRODUCT_BUNDLE_IDENTIFIER = "com.sicklesoft.TRU-Pain";
				PRODUCT_NAME = "$(TARGET_NAME)";
				SWIFT_VERSION = 3.0;
			};
			name = Debug;
		};
		8FE6898A1E2DF9E60015C287 /* Release */ = {
			isa = XCBuildConfiguration;
			buildSettings = {
				ASSETCATALOG_COMPILER_APPICON_NAME = AppIcon;
				DEVELOPMENT_TEAM = KY6MT7F4EV;
				INFOPLIST_FILE = "TRU-Pain/Info.plist";
				LD_RUNPATH_SEARCH_PATHS = "$(inherited) @executable_path/Frameworks";
				PRODUCT_BUNDLE_IDENTIFIER = "com.sicklesoft.TRU-Pain";
				PRODUCT_NAME = "$(TARGET_NAME)";
				SWIFT_VERSION = 3.0;
			};
			name = Release;
		};
/* End XCBuildConfiguration section */

/* Begin XCConfigurationList section */
		8FE689711E2DF9E60015C287 /* Build configuration list for PBXProject "TRU-Pain" */ = {
			isa = XCConfigurationList;
			buildConfigurations = (
				8FE689861E2DF9E60015C287 /* Debug */,
				8FE689871E2DF9E60015C287 /* Release */,
			);
			defaultConfigurationIsVisible = 0;
			defaultConfigurationName = Release;
		};
		8FE689881E2DF9E60015C287 /* Build configuration list for PBXNativeTarget "TRU-Pain" */ = {
			isa = XCConfigurationList;
			buildConfigurations = (
				8FE689891E2DF9E60015C287 /* Debug */,
				8FE6898A1E2DF9E60015C287 /* Release */,
			);
			defaultConfigurationIsVisible = 0;
		};
/* End XCConfigurationList section */
	};
	rootObject = 8FE6896E1E2DF9E60015C287 /* Project object */;
}
